// !$*UTF8*$!
{
	archiveVersion = 1;
	classes = {
	};
	objectVersion = 46;
	objects = {

/* Begin PBXBuildFile section */
		CA2AB6BA1B35B8C800E7C1CF /* main.cpp in Sources */ = {isa = PBXBuildFile; fileRef = CA2AB6B91B35B8C800E7C1CF /* main.cpp */; };
/* End PBXBuildFile section */

/* Begin PBXCopyFilesBuildPhase section */
		CA2AB6B41B35B8C800E7C1CF /* CopyFiles */ = {
			isa = PBXCopyFilesBuildPhase;
			buildActionMask = 2147483647;
			dstPath = /usr/share/man/man1/;
			dstSubfolderSpec = 0;
			files = (
			);
			runOnlyForDeploymentPostprocessing = 1;
		};
/* End PBXCopyFilesBuildPhase section */

/* Begin PBXFileReference section */
		CA2AB6B61B35B8C800E7C1CF /* MinkowskiSum */ = {isa = PBXFileReference; explicitFileType = "compiled.mach-o.executable"; includeInIndex = 0; path = MinkowskiSum; sourceTree = BUILT_PRODUCTS_DIR; };
		CA2AB6B91B35B8C800E7C1CF /* main.cpp */ = {isa = PBXFileReference; lastKnownFileType = sourcecode.cpp.cpp; path = main.cpp; sourceTree = "<group>"; };
/* End PBXFileReference section */

/* Begin PBXFrameworksBuildPhase section */
		CA2AB6B31B35B8C800E7C1CF /* Frameworks */ = {
			isa = PBXFrameworksBuildPhase;
			buildActionMask = 2147483647;
			files = (
			);
			runOnlyForDeploymentPostprocessing = 0;
		};
/* End PBXFrameworksBuildPhase section */

/* Begin PBXGroup section */
		CA2AB6AD1B35B8C800E7C1CF = {
			isa = PBXGroup;
			children = (
				CA2AB6B81B35B8C800E7C1CF /* MinkowskiSum */,
				CA2AB6B71B35B8C800E7C1CF /* Products */,
			);
			sourceTree = "<group>";
		};
		CA2AB6B71B35B8C800E7C1CF /* Products */ = {
			isa = PBXGroup;
			children = (
				CA2AB6B61B35B8C800E7C1CF /* MinkowskiSum */,
			);
			name = Products;
			sourceTree = "<group>";
		};
		CA2AB6B81B35B8C800E7C1CF /* MinkowskiSum */ = {
			isa = PBXGroup;
			children = (
				CA2AB6B91B35B8C800E7C1CF /* main.cpp */,
			);
			path = MinkowskiSum;
			sourceTree = "<group>";
		};
/* End PBXGroup section */

/* Begin PBXNativeTarget section */
		CA2AB6B51B35B8C800E7C1CF /* MinkowskiSum */ = {
			isa = PBXNativeTarget;
			buildConfigurationList = CA2AB6BD1B35B8C800E7C1CF /* Build configuration list for PBXNativeTarget "MinkowskiSum" */;
			buildPhases = (
				CA2AB6B21B35B8C800E7C1CF /* Sources */,
				CA2AB6B31B35B8C800E7C1CF /* Frameworks */,
				CA2AB6B41B35B8C800E7C1CF /* CopyFiles */,
			);
			buildRules = (
			);
			dependencies = (
			);
			name = MinkowskiSum;
			productName = MinkowskiSum;
			productReference = CA2AB6B61B35B8C800E7C1CF /* MinkowskiSum */;
			productType = "com.apple.product-type.tool";
		};
/* End PBXNativeTarget section */

/* Begin PBXProject section */
		CA2AB6AE1B35B8C800E7C1CF /* Project object */ = {
			isa = PBXProject;
			attributes = {
				LastUpgradeCheck = 0610;
				ORGANIZATIONNAME = "Sijoon's MacBookAir";
				TargetAttributes = {
					CA2AB6B51B35B8C800E7C1CF = {
						CreatedOnToolsVersion = 6.1.1;
					};
				};
			};
			buildConfigurationList = CA2AB6B11B35B8C800E7C1CF /* Build configuration list for PBXProject "MinkowskiSum" */;
			compatibilityVersion = "Xcode 3.2";
			developmentRegion = English;
			hasScannedForEncodings = 0;
			knownRegions = (
				en,
			);
			mainGroup = CA2AB6AD1B35B8C800E7C1CF;
			productRefGroup = CA2AB6B71B35B8C800E7C1CF /* Products */;
			projectDirPath = "";
			projectRoot = "";
			targets = (
				CA2AB6B51B35B8C800E7C1CF /* MinkowskiSum */,
			);
		};
/* End PBXProject section */

/* Begin PBXSourcesBuildPhase section */
		CA2AB6B21B35B8C800E7C1CF /* Sources */ = {
			isa = PBXSourcesBuildPhase;
			buildActionMask = 2147483647;
			files = (
				CA2AB6BA1B35B8C800E7C1CF /* main.cpp in Sources */,
			);
			runOnlyForDeploymentPostprocessing = 0;
		};
/* End PBXSourcesBuildPhase section */

/* Begin XCBuildConfiguration section */
		CA2AB6BB1B35B8C800E7C1CF /* Debug */ = {
			isa = XCBuildConfiguration;
			buildSettings = {
				ALWAYS_SEARCH_USER_PATHS = NO;
				CLANG_CXX_LANGUAGE_STANDARD = "gnu++0x";
				CLANG_CXX_LIBRARY = "libc++";
				CLANG_ENABLE_MODULES = YES;
				CLANG_ENABLE_OBJC_ARC = YES;
				CLANG_WARN_BOOL_CONVERSION = YES;
				CLANG_WARN_CONSTANT_CONVERSION = YES;
				CLANG_WARN_DIRECT_OBJC_ISA_USAGE = YES_ERROR;
				CLANG_WARN_EMPTY_BODY = YES;
				CLANG_WARN_ENUM_CONVERSION = YES;
				CLANG_WARN_INT_CONVERSION = YES;
				CLANG_WARN_OBJC_ROOT_CLASS = YES_ERROR;
				CLANG_WARN_UNREACHABLE_CODE = YES;
				CLANG_WARN__DUPLICATE_METHOD_MATCH = YES;
				COPY_PHASE_STRIP = NO;
				ENABLE_STRICT_OBJC_MSGSEND = YES;
				GCC_C_LANGUAGE_STANDARD = gnu99;
				GCC_DYNAMIC_NO_PIC = NO;
				GCC_OPTIMIZATION_LEVEL = 0;
				GCC_PREPROCESSOR_DEFINITIONS = (
					"DEBUG=1",
					"$(inherited)",
				);
				GCC_SYMBOLS_PRIVATE_EXTERN = NO;
				GCC_WARN_64_TO_32_BIT_CONVERSION = YES;
				GCC_WARN_ABOUT_RETURN_TYPE = YES_ERROR;
				GCC_WARN_UNDECLARED_SELECTOR = YES;
				GCC_WARN_UNINITIALIZED_AUTOS = YES_AGGRESSIVE;
				GCC_WARN_UNUSED_FUNCTION = YES;
				GCC_WARN_UNUSED_VARIABLE = YES;
				MACOSX_DEPLOYMENT_TARGET = 10.10;
				MTL_ENABLE_DEBUG_INFO = YES;
				ONLY_ACTIVE_ARCH = YES;
				SDKROOT = macosx;
			};
			name = Debug;
		};
		CA2AB6BC1B35B8C800E7C1CF /* Release */ = {
			isa = XCBuildConfiguration;
			buildSettings = {
				ALWAYS_SEARCH_USER_PATHS = NO;
				CLANG_CXX_LANGUAGE_STANDARD = "gnu++0x";
				CLANG_CXX_LIBRARY = "libc++";
				CLANG_ENABLE_MODULES = YES;
				CLANG_ENABLE_OBJC_ARC = YES;
				CLANG_WARN_BOOL_CONVERSION = YES;
				CLANG_WARN_CONSTANT_CONVERSION = YES;
				CLANG_WARN_DIRECT_OBJC_ISA_USAGE = YES_ERROR;
				CLANG_WARN_EMPTY_BODY = YES;
				CLANG_WARN_ENUM_CONVERSION = YES;
				CLANG_WARN_INT_CONVERSION = YES;
				CLANG_WARN_OBJC_ROOT_CLASS = YES_ERROR;
				CLANG_WARN_UNREACHABLE_CODE = YES;
				CLANG_WARN__DUPLICATE_METHOD_MATCH = YES;
				COPY_PHASE_STRIP = YES;
				DEBUG_INFORMATION_FORMAT = "dwarf-with-dsym";
				ENABLE_NS_ASSERTIONS = NO;
				ENABLE_STRICT_OBJC_MSGSEND = YES;
				GCC_C_LANGUAGE_STANDARD = gnu99;
				GCC_WARN_64_TO_32_BIT_CONVERSION = YES;
				GCC_WARN_ABOUT_RETURN_TYPE = YES_ERROR;
				GCC_WARN_UNDECLARED_SELECTOR = YES;
				GCC_WARN_UNINITIALIZED_AUTOS = YES_AGGRESSIVE;
				GCC_WARN_UNUSED_FUNCTION = YES;
				GCC_WARN_UNUSED_VARIABLE = YES;
				MACOSX_DEPLOYMENT_TARGET = 10.10;
				MTL_ENABLE_DEBUG_INFO = NO;
				SDKROOT = macosx;
			};
			name = Release;
		};
		CA2AB6BE1B35B8C800E7C1CF /* Debug */ = {
			isa = XCBuildConfiguration;
			buildSettings = {
				PRODUCT_NAME = "$(TARGET_NAME)";
			};
			name = Debug;
		};
		CA2AB6BF1B35B8C800E7C1CF /* Release */ = {
			isa = XCBuildConfiguration;
			buildSettings = {
				PRODUCT_NAME = "$(TARGET_NAME)";
			};
			name = Release;
		};
/* End XCBuildConfiguration section */

/* Begin XCConfigurationList section */
		CA2AB6B11B35B8C800E7C1CF /* Build configuration list for PBXProject "MinkowskiSum" */ = {
			isa = XCConfigurationList;
			buildConfigurations = (
				CA2AB6BB1B35B8C800E7C1CF /* Debug */,
				CA2AB6BC1B35B8C800E7C1CF /* Release */,
			);
			defaultConfigurationIsVisible = 0;
			defaultConfigurationName = Release;
		};
		CA2AB6BD1B35B8C800E7C1CF /* Build configuration list for PBXNativeTarget "MinkowskiSum" */ = {
			isa = XCConfigurationList;
			buildConfigurations = (
				CA2AB6BE1B35B8C800E7C1CF /* Debug */,
				CA2AB6BF1B35B8C800E7C1CF /* Release */,
			);
			defaultConfigurationIsVisible = 0;
		};
/* End XCConfigurationList section */
	};
	rootObject = CA2AB6AE1B35B8C800E7C1CF /* Project object */;
}
